
Microsoft Visual Studio Solution File, Format Version 12.00
# Visual Studio Version 16
VisualStudioVersion = 16.0.30225.117
MinimumVisualStudioVersion = 10.0.40219.1
Project("{FAE04EC0-301F-11D3-BF4B-00C04F79EFBC}") = "CompressionDemo", "CompressionDemo.csproj", "{2583BA9F-30F8-469A-94CA-8D02D188E87A}"
EndProject
Global
	GlobalSection(SolutionConfigurationPlatforms) = preSolution
		Debug|Any CPU = Debug|Any CPU
		Release|Any CPU = Release|Any CPU
	EndGlobalSection
	GlobalSection(ProjectConfigurationPlatforms) = postSolution
		{2583BA9F-30F8-469A-94CA-8D02D188E87A}.Debug|Any CPU.ActiveCfg = Debug|Any CPU
		{2583BA9F-30F8-469A-94CA-8D02D188E87A}.Debug|Any CPU.Build.0 = Debug|Any CPU
		{2583BA9F-30F8-469A-94CA-8D02D188E87A}.Release|Any CPU.ActiveCfg = Release|Any CPU
		{2583BA9F-30F8-469A-94CA-8D02D188E87A}.Release|Any CPU.Build.0 = Release|Any CPU
	EndGlobalSection
	GlobalSection(SolutionProperties) = preSolution
		HideSolutionNode = FALSE
	EndGlobalSection
	GlobalSection(ExtensibilityGlobals) = postSolution
		SolutionGuid = {C16BE5AF-A820-4DF1-A191-816CE3ACFCF1}
	EndGlobalSection
EndGlobal
