
Microsoft Visual Studio Solution File, Format Version 12.00
# Visual Studio Version 16
VisualStudioVersion = 16.0.30225.117
MinimumVisualStudioVersion = 10.0.40219.1
Project("{FAE04EC0-301F-11D3-BF4B-00C04F79EFBC}") = "LookupCollection", "LookupCollection.csproj", "{CBBE48A3-FF4E-4E0B-90B3-A2125ED81CAA}"
EndProject
Global
	GlobalSection(SolutionConfigurationPlatforms) = preSolution
		Debug|Any CPU = Debug|Any CPU
		Release|Any CPU = Release|Any CPU
	EndGlobalSection
	GlobalSection(ProjectConfigurationPlatforms) = postSolution
		{CBBE48A3-FF4E-4E0B-90B3-A2125ED81CAA}.Debug|Any CPU.ActiveCfg = Debug|Any CPU
		{CBBE48A3-FF4E-4E0B-90B3-A2125ED81CAA}.Debug|Any CPU.Build.0 = Debug|Any CPU
		{CBBE48A3-FF4E-4E0B-90B3-A2125ED81CAA}.Release|Any CPU.ActiveCfg = Release|Any CPU
		{CBBE48A3-FF4E-4E0B-90B3-A2125ED81CAA}.Release|Any CPU.Build.0 = Release|Any CPU
	EndGlobalSection
	GlobalSection(SolutionProperties) = preSolution
		HideSolutionNode = FALSE
	EndGlobalSection
	GlobalSection(ExtensibilityGlobals) = postSolution
		SolutionGuid = {BD50BF75-F1C8-4DE8-997F-9E027EFE2607}
	EndGlobalSection
EndGlobal
